
Microsoft Visual Studio Solution File, Format Version 12.00
# Visual Studio Version 17
VisualStudioVersion = 17.14.37111.16
MinimumVisualStudioVersion = 10.0.40219.1
Project("{FAE04EC0-301F-11D3-BF4B-00C04F79EFBC}") = "DataQL", "DataQL\DataQL.csproj", "{EAD5E114-DB93-4735-8D3D-269CC3135752}"
EndProject
Project("{FAE04EC0-301F-11D3-BF4B-00C04F79EFBC}") = "DataQL.Tests", "DataQL.Tests\DataQL.Tests.csproj", "{D300610C-7296-41E1-A36A-2B90705F4E99}"
EndProject
Project("{FAE04EC0-301F-11D3-BF4B-00C04F79EFBC}") = "DataQL.Cosmos", "DataQL.Cosmos\DataQL.Cosmos.csproj", "{08B52366-B3B5-4F12-988E-A66855A1DAD8}"
EndProject
Project("{FAE04EC0-301F-11D3-BF4B-00C04F79EFBC}") = "DataQL.Cosmos.Tests", "DataQL.Cosmos.Tests\DataQL.Cosmos.Tests.csproj", "{AB9AE583-B79F-4116-A0CB-C06C43A4F244}"
EndProject
Project("{2150E333-8FDC-42A3-9474-1A3956D46DE8}") = "Core", "Core", "{02EA681E-C7D8-13C7-8484-4AC65E1B71E8}"
EndProject
Project("{2150E333-8FDC-42A3-9474-1A3956D46DE8}") = "Providers", "Providers", "{0E289328-4BEC-4AD8-B4BE-1CBF12C68B41}"
EndProject
Project("{FAE04EC0-301F-11D3-BF4B-00C04F79EFBC}") = "DataQL.SqlServer", "DataQL.SqlServer\DataQL.SqlServer.csproj", "{EDAA38CE-FB4D-475A-A035-B8EC162450F3}"
EndProject
Project("{FAE04EC0-301F-11D3-BF4B-00C04F79EFBC}") = "DataQL.SqlServer.Tests", "DataQL.SqlServer.Tests\DataQL.SqlServer.Tests.csproj", "{67AB7D20-143E-49EF-A8FD-2A4692F7EE8F}"
EndProject
Project("{FAE04EC0-301F-11D3-BF4B-00C04F79EFBC}") = "DataQL.ExampleApi", "DataQL.ExampleApi\DataQL.ExampleApi.csproj", "{52C31F2E-17DB-4D4C-8AA6-CD2D3546DE71}"
EndProject
Project("{FAE04EC0-301F-11D3-BF4B-00C04F79EFBC}") = "DataQL.Sqlite", "DataQL.Sqlite\DataQL.Sqlite.csproj", "{DE969910-412B-4E08-B0B9-7C1225C9AAA8}"
EndProject
Project("{FAE04EC0-301F-11D3-BF4B-00C04F79EFBC}") = "DataQL.Sqlite.Tests", "DataQL.Sqlite.Tests\DataQL.Sqlite.Tests.csproj", "{70AB58DF-06C5-4CB9-9A69-C2E1584569DF}"
EndProject
Project("{FAE04EC0-301F-11D3-BF4B-00C04F79EFBC}") = "DataQL.AspNetCore", "DataQL.AspNetCore\DataQL.AspNetCore.csproj", "{EAE77A6D-5169-4E94-B9C8-824FEAB001B1}"
EndProject
Global
	GlobalSection(SolutionConfigurationPlatforms) = preSolution
		Debug|Any CPU = Debug|Any CPU
		Debug|x64 = Debug|x64
		Debug|x86 = Debug|x86
		Release|Any CPU = Release|Any CPU
		Release|x64 = Release|x64
		Release|x86 = Release|x86
	EndGlobalSection
	GlobalSection(ProjectConfigurationPlatforms) = postSolution
		{EAD5E114-DB93-4735-8D3D-269CC3135752}.Debug|Any CPU.ActiveCfg = Debug|Any CPU
		{EAD5E114-DB93-4735-8D3D-269CC3135752}.Debug|Any CPU.Build.0 = Debug|Any CPU
		{EAD5E114-DB93-4735-8D3D-269CC3135752}.Debug|x64.ActiveCfg = Debug|Any CPU
		{EAD5E114-DB93-4735-8D3D-269CC3135752}.Debug|x64.Build.0 = Debug|Any CPU
		{EAD5E114-DB93-4735-8D3D-269CC3135752}.Debug|x86.ActiveCfg = Debug|Any CPU
		{EAD5E114-DB93-4735-8D3D-269CC3135752}.Debug|x86.Build.0 = Debug|Any CPU
		{EAD5E114-DB93-4735-8D3D-269CC3135752}.Release|Any CPU.ActiveCfg = Release|Any CPU
		{EAD5E114-DB93-4735-8D3D-269CC3135752}.Release|Any CPU.Build.0 = Release|Any CPU
		{EAD5E114-DB93-4735-8D3D-269CC3135752}.Release|x64.ActiveCfg = Release|Any CPU
		{EAD5E114-DB93-4735-8D3D-269CC3135752}.Release|x64.Build.0 = Release|Any CPU
		{EAD5E114-DB93-4735-8D3D-269CC3135752}.Release|x86.ActiveCfg = Release|Any CPU
		{EAD5E114-DB93-4735-8D3D-269CC3135752}.Release|x86.Build.0 = Release|Any CPU
		{D300610C-7296-41E1-A36A-2B90705F4E99}.Debug|Any CPU.ActiveCfg = Debug|Any CPU
		{D300610C-7296-41E1-A36A-2B90705F4E99}.Debug|Any CPU.Build.0 = Debug|Any CPU
		{D300610C-7296-41E1-A36A-2B90705F4E99}.Debug|x64.ActiveCfg = Debug|Any CPU
		{D300610C-7296-41E1-A36A-2B90705F4E99}.Debug|x64.Build.0 = Debug|Any CPU
		{D300610C-7296-41E1-A36A-2B90705F4E99}.Debug|x86.ActiveCfg = Debug|Any CPU
		{D300610C-7296-41E1-A36A-2B90705F4E99}.Debug|x86.Build.0 = Debug|Any CPU
		{D300610C-7296-41E1-A36A-2B90705F4E99}.Release|Any CPU.ActiveCfg = Release|Any CPU
		{D300610C-7296-41E1-A36A-2B90705F4E99}.Release|Any CPU.Build.0 = Release|Any CPU
		{D300610C-7296-41E1-A36A-2B90705F4E99}.Release|x64.ActiveCfg = Release|Any CPU
		{D300610C-7296-41E1-A36A-2B90705F4E99}.Release|x64.Build.0 = Release|Any CPU
		{D300610C-7296-41E1-A36A-2B90705F4E99}.Release|x86.ActiveCfg = Release|Any CPU
		{D300610C-7296-41E1-A36A-2B90705F4E99}.Release|x86.Build.0 = Release|Any CPU
		{08B52366-B3B5-4F12-988E-A66855A1DAD8}.Debug|Any CPU.ActiveCfg = Debug|Any CPU
		{08B52366-B3B5-4F12-988E-A66855A1DAD8}.Debug|Any CPU.Build.0 = Debug|Any CPU
		{08B52366-B3B5-4F12-988E-A66855A1DAD8}.Debug|x64.ActiveCfg = Debug|Any CPU
		{08B52366-B3B5-4F12-988E-A66855A1DAD8}.Debug|x64.Build.0 = Debug|Any CPU
		{08B52366-B3B5-4F12-988E-A66855A1DAD8}.Debug|x86.ActiveCfg = Debug|Any CPU
		{08B52366-B3B5-4F12-988E-A66855A1DAD8}.Debug|x86.Build.0 = Debug|Any CPU
		{08B52366-B3B5-4F12-988E-A66855A1DAD8}.Release|Any CPU.ActiveCfg = Release|Any CPU
		{08B52366-B3B5-4F12-988E-A66855A1DAD8}.Release|Any CPU.Build.0 = Release|Any CPU
		{08B52366-B3B5-4F12-988E-A66855A1DAD8}.Release|x64.ActiveCfg = Release|Any CPU
		{08B52366-B3B5-4F12-988E-A66855A1DAD8}.Release|x64.Build.0 = Release|Any CPU
		{08B52366-B3B5-4F12-988E-A66855A1DAD8}.Release|x86.ActiveCfg = Release|Any CPU
		{08B52366-B3B5-4F12-988E-A66855A1DAD8}.Release|x86.Build.0 = Release|Any CPU
		{AB9AE583-B79F-4116-A0CB-C06C43A4F244}.Debug|Any CPU.ActiveCfg = Debug|Any CPU
		{AB9AE583-B79F-4116-A0CB-C06C43A4F244}.Debug|Any CPU.Build.0 = Debug|Any CPU
		{AB9AE583-B79F-4116-A0CB-C06C43A4F244}.Debug|x64.ActiveCfg = Debug|Any CPU
		{AB9AE583-B79F-4116-A0CB-C06C43A4F244}.Debug|x64.Build.0 = Debug|Any CPU
		{AB9AE583-B79F-4116-A0CB-C06C43A4F244}.Debug|x86.ActiveCfg = Debug|Any CPU
		{AB9AE583-B79F-4116-A0CB-C06C43A4F244}.Debug|x86.Build.0 = Debug|Any CPU
		{AB9AE583-B79F-4116-A0CB-C06C43A4F244}.Release|Any CPU.ActiveCfg = Release|Any CPU
		{AB9AE583-B79F-4116-A0CB-C06C43A4F244}.Release|Any CPU.Build.0 = Release|Any CPU
		{AB9AE583-B79F-4116-A0CB-C06C43A4F244}.Release|x64.ActiveCfg = Release|Any CPU
		{AB9AE583-B79F-4116-A0CB-C06C43A4F244}.Release|x64.Build.0 = Release|Any CPU
		{AB9AE583-B79F-4116-A0CB-C06C43A4F244}.Release|x86.ActiveCfg = Release|Any CPU
		{AB9AE583-B79F-4116-A0CB-C06C43A4F244}.Release|x86.Build.0 = Release|Any CPU
		{EDAA38CE-FB4D-475A-A035-B8EC162450F3}.Debug|Any CPU.ActiveCfg = Debug|Any CPU
		{EDAA38CE-FB4D-475A-A035-B8EC162450F3}.Debug|Any CPU.Build.0 = Debug|Any CPU
		{EDAA38CE-FB4D-475A-A035-B8EC162450F3}.Debug|x64.ActiveCfg = Debug|Any CPU
		{EDAA38CE-FB4D-475A-A035-B8EC162450F3}.Debug|x64.Build.0 = Debug|Any CPU
		{EDAA38CE-FB4D-475A-A035-B8EC162450F3}.Debug|x86.ActiveCfg = Debug|Any CPU
		{EDAA38CE-FB4D-475A-A035-B8EC162450F3}.Debug|x86.Build.0 = Debug|Any CPU
		{EDAA38CE-FB4D-475A-A035-B8EC162450F3}.Release|Any CPU.ActiveCfg = Release|Any CPU
		{EDAA38CE-FB4D-475A-A035-B8EC162450F3}.Release|Any CPU.Build.0 = Release|Any CPU
		{EDAA38CE-FB4D-475A-A035-B8EC162450F3}.Release|x64.ActiveCfg = Release|Any CPU
		{EDAA38CE-FB4D-475A-A035-B8EC162450F3}.Release|x64.Build.0 = Release|Any CPU
		{EDAA38CE-FB4D-475A-A035-B8EC162450F3}.Release|x86.ActiveCfg = Release|Any CPU
		{EDAA38CE-FB4D-475A-A035-B8EC162450F3}.Release|x86.Build.0 = Release|Any CPU
		{67AB7D20-143E-49EF-A8FD-2A4692F7EE8F}.Debug|Any CPU.ActiveCfg = Debug|Any CPU
		{67AB7D20-143E-49EF-A8FD-2A4692F7EE8F}.Debug|Any CPU.Build.0 = Debug|Any CPU
		{67AB7D20-143E-49EF-A8FD-2A4692F7EE8F}.Debug|x64.ActiveCfg = Debug|Any CPU
		{67AB7D20-143E-49EF-A8FD-2A4692F7EE8F}.Debug|x64.Build.0 = Debug|Any CPU
		{67AB7D20-143E-49EF-A8FD-2A4692F7EE8F}.Debug|x86.ActiveCfg = Debug|Any CPU
		{67AB7D20-143E-49EF-A8FD-2A4692F7EE8F}.Debug|x86.Build.0 = Debug|Any CPU
		{67AB7D20-143E-49EF-A8FD-2A4692F7EE8F}.Release|Any CPU.ActiveCfg = Release|Any CPU
		{67AB7D20-143E-49EF-A8FD-2A4692F7EE8F}.Release|Any CPU.Build.0 = Release|Any CPU
		{67AB7D20-143E-49EF-A8FD-2A4692F7EE8F}.Release|x64.ActiveCfg = Release|Any CPU
		{67AB7D20-143E-49EF-A8FD-2A4692F7EE8F}.Release|x64.Build.0 = Release|Any CPU
		{67AB7D20-143E-49EF-A8FD-2A4692F7EE8F}.Release|x86.ActiveCfg = Release|Any CPU
		{67AB7D20-143E-49EF-A8FD-2A4692F7EE8F}.Release|x86.Build.0 = Release|Any CPU
		{52C31F2E-17DB-4D4C-8AA6-CD2D3546DE71}.Debug|Any CPU.ActiveCfg = Debug|Any CPU
		{52C31F2E-17DB-4D4C-8AA6-CD2D3546DE71}.Debug|Any CPU.Build.0 = Debug|Any CPU
		{52C31F2E-17DB-4D4C-8AA6-CD2D3546DE71}.Debug|x64.ActiveCfg = Debug|Any CPU
		{52C31F2E-17DB-4D4C-8AA6-CD2D3546DE71}.Debug|x64.Build.0 = Debug|Any CPU
		{52C31F2E-17DB-4D4C-8AA6-CD2D3546DE71}.Debug|x86.ActiveCfg = Debug|Any CPU
		{52C31F2E-17DB-4D4C-8AA6-CD2D3546DE71}.Debug|x86.Build.0 = Debug|Any CPU
		{52C31F2E-17DB-4D4C-8AA6-CD2D3546DE71}.Release|Any CPU.ActiveCfg = Release|Any CPU
		{52C31F2E-17DB-4D4C-8AA6-CD2D3546DE71}.Release|Any CPU.Build.0 = Release|Any CPU
		{52C31F2E-17DB-4D4C-8AA6-CD2D3546DE71}.Release|x64.ActiveCfg = Release|Any CPU
		{52C31F2E-17DB-4D4C-8AA6-CD2D3546DE71}.Release|x64.Build.0 = Release|Any CPU
		{52C31F2E-17DB-4D4C-8AA6-CD2D3546DE71}.Release|x86.ActiveCfg = Release|Any CPU
		{52C31F2E-17DB-4D4C-8AA6-CD2D3546DE71}.Release|x86.Build.0 = Release|Any CPU
		{DE969910-412B-4E08-B0B9-7C1225C9AAA8}.Debug|Any CPU.ActiveCfg = Debug|Any CPU
		{DE969910-412B-4E08-B0B9-7C1225C9AAA8}.Debug|Any CPU.Build.0 = Debug|Any CPU
		{DE969910-412B-4E08-B0B9-7C1225C9AAA8}.Debug|x64.ActiveCfg = Debug|Any CPU
		{DE969910-412B-4E08-B0B9-7C1225C9AAA8}.Debug|x64.Build.0 = Debug|Any CPU
		{DE969910-412B-4E08-B0B9-7C1225C9AAA8}.Debug|x86.ActiveCfg = Debug|Any CPU
		{DE969910-412B-4E08-B0B9-7C1225C9AAA8}.Debug|x86.Build.0 = Debug|Any CPU
		{DE969910-412B-4E08-B0B9-7C1225C9AAA8}.Release|Any CPU.ActiveCfg = Release|Any CPU
		{DE969910-412B-4E08-B0B9-7C1225C9AAA8}.Release|Any CPU.Build.0 = Release|Any CPU
		{DE969910-412B-4E08-B0B9-7C1225C9AAA8}.Release|x64.ActiveCfg = Release|Any CPU
		{DE969910-412B-4E08-B0B9-7C1225C9AAA8}.Release|x64.Build.0 = Release|Any CPU
		{DE969910-412B-4E08-B0B9-7C1225C9AAA8}.Release|x86.ActiveCfg = Release|Any CPU
		{DE969910-412B-4E08-B0B9-7C1225C9AAA8}.Release|x86.Build.0 = Release|Any CPU
		{70AB58DF-06C5-4CB9-9A69-C2E1584569DF}.Debug|Any CPU.ActiveCfg = Debug|Any CPU
		{70AB58DF-06C5-4CB9-9A69-C2E1584569DF}.Debug|Any CPU.Build.0 = Debug|Any CPU
		{70AB58DF-06C5-4CB9-9A69-C2E1584569DF}.Debug|x64.ActiveCfg = Debug|Any CPU
		{70AB58DF-06C5-4CB9-9A69-C2E1584569DF}.Debug|x64.Build.0 = Debug|Any CPU
		{70AB58DF-06C5-4CB9-9A69-C2E1584569DF}.Debug|x86.ActiveCfg = Debug|Any CPU
		{70AB58DF-06C5-4CB9-9A69-C2E1584569DF}.Debug|x86.Build.0 = Debug|Any CPU
		{70AB58DF-06C5-4CB9-9A69-C2E1584569DF}.Release|Any CPU.ActiveCfg = Release|Any CPU
		{70AB58DF-06C5-4CB9-9A69-C2E1584569DF}.Release|Any CPU.Build.0 = Release|Any CPU
		{70AB58DF-06C5-4CB9-9A69-C2E1584569DF}.Release|x64.ActiveCfg = Release|Any CPU
		{70AB58DF-06C5-4CB9-9A69-C2E1584569DF}.Release|x64.Build.0 = Release|Any CPU
		{70AB58DF-06C5-4CB9-9A69-C2E1584569DF}.Release|x86.ActiveCfg = Release|Any CPU
		{70AB58DF-06C5-4CB9-9A69-C2E1584569DF}.Release|x86.Build.0 = Release|Any CPU
		{EAE77A6D-5169-4E94-B9C8-824FEAB001B1}.Debug|Any CPU.ActiveCfg = Debug|Any CPU
		{EAE77A6D-5169-4E94-B9C8-824FEAB001B1}.Debug|Any CPU.Build.0 = Debug|Any CPU
		{EAE77A6D-5169-4E94-B9C8-824FEAB001B1}.Debug|x64.ActiveCfg = Debug|Any CPU
		{EAE77A6D-5169-4E94-B9C8-824FEAB001B1}.Debug|x64.Build.0 = Debug|Any CPU
		{EAE77A6D-5169-4E94-B9C8-824FEAB001B1}.Debug|x86.ActiveCfg = Debug|Any CPU
		{EAE77A6D-5169-4E94-B9C8-824FEAB001B1}.Debug|x86.Build.0 = Debug|Any CPU
		{EAE77A6D-5169-4E94-B9C8-824FEAB001B1}.Release|Any CPU.ActiveCfg = Release|Any CPU
		{EAE77A6D-5169-4E94-B9C8-824FEAB001B1}.Release|Any CPU.Build.0 = Release|Any CPU
		{EAE77A6D-5169-4E94-B9C8-824FEAB001B1}.Release|x64.ActiveCfg = Release|Any CPU
		{EAE77A6D-5169-4E94-B9C8-824FEAB001B1}.Release|x64.Build.0 = Release|Any CPU
		{EAE77A6D-5169-4E94-B9C8-824FEAB001B1}.Release|x86.ActiveCfg = Release|Any CPU
		{EAE77A6D-5169-4E94-B9C8-824FEAB001B1}.Release|x86.Build.0 = Release|Any CPU
	EndGlobalSection
	GlobalSection(SolutionProperties) = preSolution
		HideSolutionNode = FALSE
	EndGlobalSection
	GlobalSection(NestedProjects) = preSolution
		{EAD5E114-DB93-4735-8D3D-269CC3135752} = {02EA681E-C7D8-13C7-8484-4AC65E1B71E8}
		{D300610C-7296-41E1-A36A-2B90705F4E99} = {02EA681E-C7D8-13C7-8484-4AC65E1B71E8}
		{08B52366-B3B5-4F12-988E-A66855A1DAD8} = {0E289328-4BEC-4AD8-B4BE-1CBF12C68B41}
		{AB9AE583-B79F-4116-A0CB-C06C43A4F244} = {0E289328-4BEC-4AD8-B4BE-1CBF12C68B41}
		{EDAA38CE-FB4D-475A-A035-B8EC162450F3} = {0E289328-4BEC-4AD8-B4BE-1CBF12C68B41}
		{67AB7D20-143E-49EF-A8FD-2A4692F7EE8F} = {0E289328-4BEC-4AD8-B4BE-1CBF12C68B41}
		{DE969910-412B-4E08-B0B9-7C1225C9AAA8} = {0E289328-4BEC-4AD8-B4BE-1CBF12C68B41}
		{70AB58DF-06C5-4CB9-9A69-C2E1584569DF} = {0E289328-4BEC-4AD8-B4BE-1CBF12C68B41}
	EndGlobalSection
	GlobalSection(ExtensibilityGlobals) = postSolution
		SolutionGuid = {FDD0A36A-B4B5-4E86-A6BF-F9F0AE92659B}
	EndGlobalSection
EndGlobal
